github.com/ZeroHawkeye/wordZero v1.6.0 h1:W8vplhq8lzBk/7FDKbNOhW4pCS79llf8YfPhIZAObV4=
github.com/ZeroHawkeye/wordZero v1.6.0/go.mod h1:kKgjyYeSShSVygQ1YEdXdbkgkkkR3EEvQS8gi2Bld7E=
golang.org/x/image v0.46.0 h1:b1+oYj0Jbp6K5MDT4i4/eZpYlk3V8SJhhDKh6LBHAyQ=
golang.org/x/image v0.46.0/go.mod h1:3B3W05VGVQyuXucLINLjXKrqISASfi4Xj+iCVkLMwew=
